Microsoft Visual Studio Solution File, Format Version 12.00
# Visual Studio Version 17
VisualStudioVersion = 17.5.2.0
MinimumVisualStudioVersion = 10.0.40219.1
Project("{FAE04EC0-301F-11D3-BF4B-00C04F79EFBC}") = "AlgorithmsPractice", "AlgorithmsPractice.csproj", "{B4B6292E-3D11-7117-745F-4262A8FB3A51}"
EndProject
Global
	GlobalSection(SolutionConfigurationPlatforms) = preSolution
		Debug|Any CPU = Debug|Any CPU
		Release|Any CPU = Release|Any CPU
	EndGlobalSection
	GlobalSection(ProjectConfigurationPlatforms) = postSolution
		{B4B6292E-3D11-7117-745F-4262A8FB3A51}.Debug|Any CPU.ActiveCfg = Debug|Any CPU
		{B4B6292E-3D11-7117-745F-4262A8FB3A51}.Debug|Any CPU.Build.0 = Debug|Any CPU
		{B4B6292E-3D11-7117-745F-4262A8FB3A51}.Release|Any CPU.ActiveCfg = Release|Any CPU
		{B4B6292E-3D11-7117-745F-4262A8FB3A51}.Release|Any CPU.Build.0 = Release|Any CPU
	EndGlobalSection
	GlobalSection(SolutionProperties) = preSolution
		HideSolutionNode = FALSE
	EndGlobalSection
	GlobalSection(ExtensibilityGlobals) = postSolution
		SolutionGuid = {29E61C94-66CF-4E96-905D-C97FCAB6429D}
	EndGlobalSection
EndGlobal
